
Microsoft Visual Studio Solution File, Format Version 12.00
# Visual Studio Version 16
VisualStudioVersion = 16.0.31727.386
MinimumVisualStudioVersion = 10.0.40219.1
Project("{FAE04EC0-301F-11D3-BF4B-00C04F79EFBC}") = "HRIS_UserInterface", "HRIS_UserInterface.csproj", "{A7E43534-724E-4FCF-B4BE-859B919DEFE5}"
EndProject
Global
	GlobalSection(SolutionConfigurationPlatforms) = preSolution
		Debug|Any CPU = Debug|Any CPU
		Release|Any CPU = Release|Any CPU
	EndGlobalSection
	GlobalSection(ProjectConfigurationPlatforms) = postSolution
		{A7E43534-724E-4FCF-B4BE-859B919DEFE5}.Debug|Any CPU.ActiveCfg = Debug|Any CPU
		{A7E43534-724E-4FCF-B4BE-859B919DEFE5}.Debug|Any CPU.Build.0 = Debug|Any CPU
		{A7E43534-724E-4FCF-B4BE-859B919DEFE5}.Release|Any CPU.ActiveCfg = Release|Any CPU
		{A7E43534-724E-4FCF-B4BE-859B919DEFE5}.Release|Any CPU.Build.0 = Release|Any CPU
	EndGlobalSection
	GlobalSection(SolutionProperties) = preSolution
		HideSolutionNode = FALSE
	EndGlobalSection
	GlobalSection(ExtensibilityGlobals) = postSolution
		SolutionGuid = {22D17435-0781-4248-88C7-2D976B336B71}
	EndGlobalSection
EndGlobal
